<?xml version="1.0" encoding="utf-8"?>
<Project ToolsVersion="4.0" xmlns="http://schemas.microsoft.com/developer/msbuild/2003">
  <ItemGroup>
    <Filter Include="源文件">
      <UniqueIdentifier>{4FC737F1-C7A5-4376-A066-2A32D752A2FF}</UniqueIdentifier>
      <Extensions>cpp;c;cc;cxx;def;odl;idl;hpj;bat;asm;asmx</Extensions>
    </Filter>
    <Filter Include="头文件">
      <UniqueIdentifier>{93995380-89BD-4b04-88EB-625FBE52EBFB}</UniqueIdentifier>
      <Extensions>h;hh;hpp;hxx;hm;inl;inc;xsd</Extensions>
    </Filter>
    <Filter Include="资源文件">
      <UniqueIdentifier>{67DA6AB6-F800-4c08-8B7A-83BB121AAD01}</UniqueIdentifier>
      <Extensions>rc;ico;cur;bmp;dlg;rc2;rct;bin;rgs;gif;jpg;jpeg;jpe;resx;tiff;tif;png;wav;mfcribbon-ms</Extensions>
    </Filter>
  </ItemGroup>
  <ItemGroup>
    <ClInclude Include="Editor\RayMain.h">
      <Filter>头文件</Filter>
    </ClInclude>
    <ClInclude Include="Core\Vector.h">
      <Filter>头文件</Filter>
    </ClInclude>
    <ClInclude Include="Core\Math\Collision.h">
      <Filter>头文件</Filter>
    </ClInclude>
    <ClInclude Include="Core\Math\MathUtility.h">
      <Filter>头文件</Filter>
    </ClInclude>
    <ClInclude Include="Core\Render\RenderPipeline.h">
      <Filter>头文件</Filter>
    </ClInclude>
    <ClInclude Include="Core\Scene\Level.h">
      <Filter>头文件</Filter>
    </ClInclude>
    <ClInclude Include="Core\Scene\Actor.h">
      <Filter>头文件</Filter>
    </ClInclude>
    <ClInclude Include="Editor\Common\AppFramement.h">
      <Filter>头文件</Filter>
    </ClInclude>
    <ClInclude Include="Editor\Common\InfoManager.h">
      <Filter>头文件</Filter>
    </ClInclude>
    <ClInclude Include="Editor\Common\DeviceManager.h">
      <Filter>头文件</Filter>
    </ClInclude>
    <ClInclude Include="Core\Render\DeferredRender.h">
      <Filter>头文件</Filter>
    </ClInclude>
    <ClInclude Include="Core\Texture2D.h">
      <Filter>头文件</Filter>
    </ClInclude>
    <ClInclude Include="Core\Render\Render.h">
      <Filter>头文件</Filter>
    </ClInclude>
    <ClInclude Include="Core\Render\LevelRender.h">
      <Filter>头文件</Filter>
    </ClInclude>
    <ClInclude Include="Core\Scene\FbxLoader.h">
      <Filter>头文件</Filter>
    </ClInclude>
    <ClInclude Include="Core\Scene\Material.h">
      <Filter>头文件</Filter>
    </ClInclude>
    <ClInclude Include="Core\Scene\ResourceManager.h">
      <Filter>头文件</Filter>
    </ClInclude>
    <ClInclude Include="Core\Vector2D.h">
      <Filter>头文件</Filter>
    </ClInclude>
    <ClInclude Include="Core\Scene\StaticMesh.h">
      <Filter>头文件</Filter>
    </ClInclude>
    <ClInclude Include="Core\Scene\SceneOctree.h">
      <Filter>头文件</Filter>
    </ClInclude>
    <ClInclude Include="Core\Vector4.h">
      <Filter>头文件</Filter>
    </ClInclude>
    <ClInclude Include="Core\DXCommon.h">
      <Filter>头文件</Filter>
    </ClInclude>
    <ClInclude Include="Core\Scene\StaticMeshActor.h">
      <Filter>头文件</Filter>
    </ClInclude>
    <ClInclude Include="Core\Scene\EditorCamera.h">
      <Filter>头文件</Filter>
    </ClInclude>
    <ClInclude Include="Core\Scene\Camera.h">
      <Filter>头文件</Filter>
    </ClInclude>
    <ClInclude Include="Core\Matrix.h">
      <Filter>头文件</Filter>
    </ClInclude>
    <ClInclude Include="Core\Frustum.h">
      <Filter>头文件</Filter>
    </ClInclude>
    <ClInclude Include="Editor\Common\InputManager.h">
      <Filter>头文件</Filter>
    </ClInclude>
    <ClInclude Include="Core\Render\RenderEngine.h">
      <Filter>头文件</Filter>
    </ClInclude>
    <ClInclude Include="Editor\Common\HUD.h">
      <Filter>头文件</Filter>
    </ClInclude>
    <ClInclude Include="Editor\Common\UIText.h">
      <Filter>头文件</Filter>
    </ClInclude>
  </ItemGroup>
  <ItemGroup>
    <ClCompile Include="Core\Vector.cpp">
      <Filter>源文件</Filter>
    </ClCompile>
    <ClCompile Include="Core\Math\Collision.cpp">
      <Filter>源文件</Filter>
    </ClCompile>
    <ClCompile Include="Core\Render\RenderPipeline.cpp">
      <Filter>源文件</Filter>
    </ClCompile>
    <ClCompile Include="Core\Scene\Level.cpp">
      <Filter>源文件</Filter>
    </ClCompile>
    <ClCompile Include="Core\Scene\Actor.cpp">
      <Filter>源文件</Filter>
    </ClCompile>
    <ClCompile Include="Editor\Common\AppFramement.cpp">
      <Filter>源文件</Filter>
    </ClCompile>
    <ClCompile Include="Editor\Common\InfoManager.cpp">
      <Filter>源文件</Filter>
    </ClCompile>
    <ClCompile Include="Editor\Common\DeviceManager.cpp">
      <Filter>源文件</Filter>
    </ClCompile>
    <ClCompile Include="Editor\main.cpp">
      <Filter>源文件</Filter>
    </ClCompile>
    <ClCompile Include="Core\Render\DeferredRender.cpp">
      <Filter>源文件</Filter>
    </ClCompile>
    <ClCompile Include="Core\Texture2D.cpp">
      <Filter>源文件</Filter>
    </ClCompile>
    <ClCompile Include="Core\Render\Render.cpp">
      <Filter>源文件</Filter>
    </ClCompile>
    <ClCompile Include="Core\Render\LevelRender.cpp">
      <Filter>源文件</Filter>
    </ClCompile>
    <ClCompile Include="Core\Scene\FbxLoader.cpp">
      <Filter>源文件</Filter>
    </ClCompile>
    <ClCompile Include="Core\Scene\Material.cpp">
      <Filter>源文件</Filter>
    </ClCompile>
    <ClCompile Include="Core\Scene\ResourceManager.cpp">
      <Filter>源文件</Filter>
    </ClCompile>
    <ClCompile Include="Core\Vector2D.cpp">
      <Filter>源文件</Filter>
    </ClCompile>
    <ClCompile Include="Core\Scene\StaticMesh.cpp">
      <Filter>源文件</Filter>
    </ClCompile>
    <ClCompile Include="Core\Scene\SceneOctree.cpp">
      <Filter>源文件</Filter>
    </ClCompile>
    <ClCompile Include="Core\Vector4.cpp">
      <Filter>源文件</Filter>
    </ClCompile>
    <ClCompile Include="Core\Scene\StaticMeshActor.cpp">
      <Filter>源文件</Filter>
    </ClCompile>
    <ClCompile Include="Core\Scene\EditorCamera.cpp">
      <Filter>源文件</Filter>
    </ClCompile>
    <ClCompile Include="Core\Scene\Camera.cpp">
      <Filter>源文件</Filter>
    </ClCompile>
    <ClCompile Include="Core\Matrix.cpp">
      <Filter>源文件</Filter>
    </ClCompile>
    <ClCompile Include="Core\Frustum.cpp">
      <Filter>源文件</Filter>
    </ClCompile>
    <ClCompile Include="Editor\Common\InputManager.cpp">
      <Filter>源文件</Filter>
    </ClCompile>
    <ClCompile Include="Core\Render\RenderEngine.cpp">
      <Filter>源文件</Filter>
    </ClCompile>
    <ClCompile Include="Editor\Common\HUD.cpp">
      <Filter>源文件</Filter>
    </ClCompile>
    <ClCompile Include="Editor\Common\UIText.cpp">
      <Filter>源文件</Filter>
    </ClCompile>
  </ItemGroup>
</Project>